
Microsoft Visual Studio Solution File, Format Version 12.00
# Visual Studio Version 17
VisualStudioVersion = 17.4.33213.308
MinimumVisualStudioVersion = 10.0.40219.1
Project("{FAE04EC0-301F-11D3-BF4B-00C04F79EFBC}") = "ChatGPT", "ChatGPT\ChatGPT.csproj", "{893E1C99-665A-4A83-A43B-A878961AA4EF}"
EndProject
Global
	GlobalSection(SolutionConfigurationPlatforms) = preSolution
		Debug|Any CPU = Debug|Any CPU
		Release|Any CPU = Release|Any CPU
	EndGlobalSection
	GlobalSection(ProjectConfigurationPlatforms) = postSolution
		{893E1C99-665A-4A83-A43B-A878961AA4EF}.Debug|Any CPU.ActiveCfg = Debug|Any CPU
		{893E1C99-665A-4A83-A43B-A878961AA4EF}.Debug|Any CPU.Build.0 = Debug|Any CPU
		{893E1C99-665A-4A83-A43B-A878961AA4EF}.Release|Any CPU.ActiveCfg = Release|Any CPU
		{893E1C99-665A-4A83-A43B-A878961AA4EF}.Release|Any CPU.Build.0 = Release|Any CPU
	EndGlobalSection
	GlobalSection(SolutionProperties) = preSolution
		HideSolutionNode = FALSE
	EndGlobalSection
	GlobalSection(ExtensibilityGlobals) = postSolution
		SolutionGuid = {5E2FF22A-7AC5-4A97-ABE4-DCFE268F6148}
	EndGlobalSection
EndGlobal
